PODS:
  - Alamofire (5.4.1)
  - Kingfisher (6.0.1)

DEPENDENCIES:
  - Alamofire (~> 5.4)
  - Kingfisher

SPEC REPOS:
  trunk:
    - Alamofire
    - Kingfisher

SPEC CHECKSUMS:
  Alamofire: 2291f7d21ca607c491dd17642e5d40fdcda0e65c
  Kingfisher: adde87a4f74f6a3845395769354efff593581740

PODFILE CHECKSUM: 025583fe4ca0c8736db16cbe8b8eccf87e8b775e

COCOAPODS: 1.8.4
